
Microsoft Visual Studio Solution File, Format Version 12.00
# Visual Studio Version 16
VisualStudioVersion = 16.0.28803.352
MinimumVisualStudioVersion = 10.0.40219.1
Project("{9A19103F-16F7-4668-BE54-9A1E7A4F7556}") = "WebAPP1", "WebAPP1\WebAPP1.csproj", "{354D81BA-4874-48ED-864F-FC741C7A7EFD}"
EndProject
Project("{9A19103F-16F7-4668-BE54-9A1E7A4F7556}") = "WebAPP1.Models", "WebAPP1.Models\WebAPP1.Models.csproj", "{A3D8E39A-3A1F-4990-9E62-47C693E9FA7C}"
EndProject
Project("{9A19103F-16F7-4668-BE54-9A1E7A4F7556}") = "WebAPP1.FrameWork", "WebAPP1.FrameWork\WebAPP1.FrameWork.csproj", "{C37B6251-663D-4486-8AB8-C9D81450CA79}"
EndProject
Project("{9A19103F-16F7-4668-BE54-9A1E7A4F7556}") = "WebAPP1.Repository", "WebAPP1.Repository\WebAPP1.Repository.csproj", "{4FBB09B6-FC9E-47A5-B2B6-1B0DAD1BB6F6}"
EndProject
Project("{9A19103F-16F7-4668-BE54-9A1E7A4F7556}") = "WebAPP1.IRepository", "WebAPP1.IRepository\WebAPP1.IRepository.csproj", "{99D770B6-8F1E-4930-A125-55D00ABCCCFD}"
EndProject
Project("{2150E333-8FDC-42A3-9474-1A3956D46DE8}") = "Repository", "Repository", "{FFD33A81-CCA5-4EC2-8AB2-E2027F179065}"
EndProject
Project("{2150E333-8FDC-42A3-9474-1A3956D46DE8}") = "UI", "UI", "{ACA04146-5462-4374-AB74-76628679B7EA}"
EndProject
Project("{2150E333-8FDC-42A3-9474-1A3956D46DE8}") = "Tests", "Tests", "{664E1C82-C824-4281-9D50-B0C91D3ACFD8}"
EndProject
Project("{9A19103F-16F7-4668-BE54-9A1E7A4F7556}") = "Test", "Test\Test.csproj", "{2AB2EC9C-FF66-403B-BBEB-26A173F5E11E}"
EndProject
Project("{FAE04EC0-301F-11D3-BF4B-00C04F79EFBC}") = "WebAPP1.Common", "WebAPP1.Common\WebAPP1.Common.csproj", "{40383FAE-8F25-42B5-9228-2CFDEB837FC5}"
EndProject
Global
	GlobalSection(SolutionConfigurationPlatforms) = preSolution
		Debug|Any CPU = Debug|Any CPU
		Release|Any CPU = Release|Any CPU
	EndGlobalSection
	GlobalSection(ProjectConfigurationPlatforms) = postSolution
		{354D81BA-4874-48ED-864F-FC741C7A7EFD}.Debug|Any CPU.ActiveCfg = Debug|Any CPU
		{354D81BA-4874-48ED-864F-FC741C7A7EFD}.Debug|Any CPU.Build.0 = Debug|Any CPU
		{354D81BA-4874-48ED-864F-FC741C7A7EFD}.Release|Any CPU.ActiveCfg = Release|Any CPU
		{354D81BA-4874-48ED-864F-FC741C7A7EFD}.Release|Any CPU.Build.0 = Release|Any CPU
		{A3D8E39A-3A1F-4990-9E62-47C693E9FA7C}.Debug|Any CPU.ActiveCfg = Debug|Any CPU
		{A3D8E39A-3A1F-4990-9E62-47C693E9FA7C}.Debug|Any CPU.Build.0 = Debug|Any CPU
		{A3D8E39A-3A1F-4990-9E62-47C693E9FA7C}.Release|Any CPU.ActiveCfg = Release|Any CPU
		{A3D8E39A-3A1F-4990-9E62-47C693E9FA7C}.Release|Any CPU.Build.0 = Release|Any CPU
		{C37B6251-663D-4486-8AB8-C9D81450CA79}.Debug|Any CPU.ActiveCfg = Debug|Any CPU
		{C37B6251-663D-4486-8AB8-C9D81450CA79}.Debug|Any CPU.Build.0 = Debug|Any CPU
		{C37B6251-663D-4486-8AB8-C9D81450CA79}.Release|Any CPU.ActiveCfg = Release|Any CPU
		{C37B6251-663D-4486-8AB8-C9D81450CA79}.Release|Any CPU.Build.0 = Release|Any CPU
		{4FBB09B6-FC9E-47A5-B2B6-1B0DAD1BB6F6}.Debug|Any CPU.ActiveCfg = Debug|Any CPU
		{4FBB09B6-FC9E-47A5-B2B6-1B0DAD1BB6F6}.Debug|Any CPU.Build.0 = Debug|Any CPU
		{4FBB09B6-FC9E-47A5-B2B6-1B0DAD1BB6F6}.Release|Any CPU.ActiveCfg = Release|Any CPU
		{4FBB09B6-FC9E-47A5-B2B6-1B0DAD1BB6F6}.Release|Any CPU.Build.0 = Release|Any CPU
		{99D770B6-8F1E-4930-A125-55D00ABCCCFD}.Debug|Any CPU.ActiveCfg = Debug|Any CPU
		{99D770B6-8F1E-4930-A125-55D00ABCCCFD}.Debug|Any CPU.Build.0 = Debug|Any CPU
		{99D770B6-8F1E-4930-A125-55D00ABCCCFD}.Release|Any CPU.ActiveCfg = Release|Any CPU
		{99D770B6-8F1E-4930-A125-55D00ABCCCFD}.Release|Any CPU.Build.0 = Release|Any CPU
		{2AB2EC9C-FF66-403B-BBEB-26A173F5E11E}.Debug|Any CPU.ActiveCfg = Debug|Any CPU
		{2AB2EC9C-FF66-403B-BBEB-26A173F5E11E}.Debug|Any CPU.Build.0 = Debug|Any CPU
		{2AB2EC9C-FF66-403B-BBEB-26A173F5E11E}.Release|Any CPU.ActiveCfg = Release|Any CPU
		{2AB2EC9C-FF66-403B-BBEB-26A173F5E11E}.Release|Any CPU.Build.0 = Release|Any CPU
		{40383FAE-8F25-42B5-9228-2CFDEB837FC5}.Debug|Any CPU.ActiveCfg = Debug|Any CPU
		{40383FAE-8F25-42B5-9228-2CFDEB837FC5}.Debug|Any CPU.Build.0 = Debug|Any CPU
		{40383FAE-8F25-42B5-9228-2CFDEB837FC5}.Release|Any CPU.ActiveCfg = Release|Any CPU
		{40383FAE-8F25-42B5-9228-2CFDEB837FC5}.Release|Any CPU.Build.0 = Release|Any CPU
	EndGlobalSection
	GlobalSection(SolutionProperties) = preSolution
		HideSolutionNode = FALSE
	EndGlobalSection
	GlobalSection(NestedProjects) = preSolution
		{354D81BA-4874-48ED-864F-FC741C7A7EFD} = {ACA04146-5462-4374-AB74-76628679B7EA}
		{4FBB09B6-FC9E-47A5-B2B6-1B0DAD1BB6F6} = {FFD33A81-CCA5-4EC2-8AB2-E2027F179065}
		{99D770B6-8F1E-4930-A125-55D00ABCCCFD} = {FFD33A81-CCA5-4EC2-8AB2-E2027F179065}
		{2AB2EC9C-FF66-403B-BBEB-26A173F5E11E} = {664E1C82-C824-4281-9D50-B0C91D3ACFD8}
	EndGlobalSection
	GlobalSection(ExtensibilityGlobals) = postSolution
		SolutionGuid = {1070B91D-EE2A-4AA8-A89C-6109BCB913FF}
	EndGlobalSection
EndGlobal
